
Microsoft Visual Studio Solution File, Format Version 12.00
# Visual Studio Version 17
VisualStudioVersion = 17.2.32616.157
MinimumVisualStudioVersion = 10.0.40219.1
Project("{00D1A9C2-B5F0-4AF3-8072-F6C62B433612}") = "WireScience.Data.Database.Auth", "WireScience.Data.Database.Auth.sqlproj", "{4CDC689A-9AD9-4B8C-A732-2F434D67D0CE}"
EndProject
Global
	GlobalSection(SolutionConfigurationPlatforms) = preSolution
		Debug|Any CPU = Debug|Any CPU
		Release|Any CPU = Release|Any CPU
	EndGlobalSection
	GlobalSection(ProjectConfigurationPlatforms) = postSolution
		{4CDC689A-9AD9-4B8C-A732-2F434D67D0CE}.Debug|Any CPU.ActiveCfg = Debug|Any CPU
		{4CDC689A-9AD9-4B8C-A732-2F434D67D0CE}.Debug|Any CPU.Build.0 = Debug|Any CPU
		{4CDC689A-9AD9-4B8C-A732-2F434D67D0CE}.Debug|Any CPU.Deploy.0 = Debug|Any CPU
		{4CDC689A-9AD9-4B8C-A732-2F434D67D0CE}.Release|Any CPU.ActiveCfg = Release|Any CPU
		{4CDC689A-9AD9-4B8C-A732-2F434D67D0CE}.Release|Any CPU.Build.0 = Release|Any CPU
		{4CDC689A-9AD9-4B8C-A732-2F434D67D0CE}.Release|Any CPU.Deploy.0 = Release|Any CPU
	EndGlobalSection
	GlobalSection(SolutionProperties) = preSolution
		HideSolutionNode = FALSE
	EndGlobalSection
	GlobalSection(ExtensibilityGlobals) = postSolution
		SolutionGuid = {B93A7344-9224-4729-BE37-FAE6641B3C0C}
	EndGlobalSection
EndGlobal
